
Microsoft Visual Studio Solution File, Format Version 12.00
# Visual Studio Version 16
VisualStudioVersion = 16.0.30503.244
MinimumVisualStudioVersion = 10.0.40219.1
Project("{9092AA53-FB77-4645-B42D-1CCCA6BD08BD}") = "LabenkoForgotPass", "LabenkoForgotPass.njsproj", "{51241C9B-9B03-4384-9A9D-6047953D4AA9}"
EndProject
Global
	GlobalSection(SolutionConfigurationPlatforms) = preSolution
		Debug|Any CPU = Debug|Any CPU
		Release|Any CPU = Release|Any CPU
	EndGlobalSection
	GlobalSection(ProjectConfigurationPlatforms) = postSolution
		{51241C9B-9B03-4384-9A9D-6047953D4AA9}.Debug|Any CPU.ActiveCfg = Debug|Any CPU
		{51241C9B-9B03-4384-9A9D-6047953D4AA9}.Debug|Any CPU.Build.0 = Debug|Any CPU
		{51241C9B-9B03-4384-9A9D-6047953D4AA9}.Release|Any CPU.ActiveCfg = Release|Any CPU
		{51241C9B-9B03-4384-9A9D-6047953D4AA9}.Release|Any CPU.Build.0 = Release|Any CPU
	EndGlobalSection
	GlobalSection(SolutionProperties) = preSolution
		HideSolutionNode = FALSE
	EndGlobalSection
	GlobalSection(ExtensibilityGlobals) = postSolution
		SolutionGuid = {940A6443-8EFC-437C-9AF8-DAE0D037C327}
	EndGlobalSection
EndGlobal
